
Microsoft Visual Studio Solution File, Format Version 12.00
# Visual Studio Version 17
VisualStudioVersion = 17.5.33502.453
MinimumVisualStudioVersion = 10.0.40219.1
Project("{FAE04EC0-301F-11D3-BF4B-00C04F79EFBC}") = "B3_C1", "B3_C1\B3_C1.csproj", "{E9709BF5-97AC-4AE4-8D03-5D3C7CF69E57}"
EndProject
Project("{FAE04EC0-301F-11D3-BF4B-00C04F79EFBC}") = "B3_C2", "B3_C2\B3_C2.csproj", "{85C37546-BCF0-44FD-B59A-93B730E87A79}"
EndProject
Project("{FAE04EC0-301F-11D3-BF4B-00C04F79EFBC}") = "B3_C3", "B3_C3\B3_C3.csproj", "{180FFC2D-DC3E-4674-BD82-28D314F682BA}"
EndProject
Project("{FAE04EC0-301F-11D3-BF4B-00C04F79EFBC}") = "B3_C4", "B3_C4\B3_C4.csproj", "{8A4E596C-2EBF-4AC0-B376-380683EAC61F}"
EndProject
Project("{FAE04EC0-301F-11D3-BF4B-00C04F79EFBC}") = "B3_C5", "B3_C5\B3_C5.csproj", "{C97038C6-AB6B-4625-98FD-5F46AE58B3C2}"
EndProject
Project("{FAE04EC0-301F-11D3-BF4B-00C04F79EFBC}") = "B3_C6", "B3_C6\B3_C6.csproj", "{0BD5CDFC-9B55-47FC-8025-98E6FB036531}"
EndProject
Project("{FAE04EC0-301F-11D3-BF4B-00C04F79EFBC}") = "B3_C7", "B3_C7\B3_C7.csproj", "{F8501444-BBA4-4110-9883-747532ED0E45}"
EndProject
Project("{FAE04EC0-301F-11D3-BF4B-00C04F79EFBC}") = "B3_C8", "B3_C8\B3_C8.csproj", "{019D6782-392A-4A19-913F-10F796CFFDA2}"
EndProject
Project("{FAE04EC0-301F-11D3-BF4B-00C04F79EFBC}") = "B3_C9", "B3_C9\B3_C9.csproj", "{C500C94D-03E1-4566-BD92-E0DD048E42B9}"
EndProject
Project("{FAE04EC0-301F-11D3-BF4B-00C04F79EFBC}") = "B3_C10", "B3_C10\B3_C10.csproj", "{1CA4D56B-BA78-48F0-A6D0-DFD065362476}"
EndProject
Global
	GlobalSection(SolutionConfigurationPlatforms) = preSolution
		Debug|Any CPU = Debug|Any CPU
		Release|Any CPU = Release|Any CPU
	EndGlobalSection
	GlobalSection(ProjectConfigurationPlatforms) = postSolution
		{E9709BF5-97AC-4AE4-8D03-5D3C7CF69E57}.Debug|Any CPU.ActiveCfg = Debug|Any CPU
		{E9709BF5-97AC-4AE4-8D03-5D3C7CF69E57}.Debug|Any CPU.Build.0 = Debug|Any CPU
		{E9709BF5-97AC-4AE4-8D03-5D3C7CF69E57}.Release|Any CPU.ActiveCfg = Release|Any CPU
		{E9709BF5-97AC-4AE4-8D03-5D3C7CF69E57}.Release|Any CPU.Build.0 = Release|Any CPU
		{85C37546-BCF0-44FD-B59A-93B730E87A79}.Debug|Any CPU.ActiveCfg = Debug|Any CPU
		{85C37546-BCF0-44FD-B59A-93B730E87A79}.Debug|Any CPU.Build.0 = Debug|Any CPU
		{85C37546-BCF0-44FD-B59A-93B730E87A79}.Release|Any CPU.ActiveCfg = Release|Any CPU
		{85C37546-BCF0-44FD-B59A-93B730E87A79}.Release|Any CPU.Build.0 = Release|Any CPU
		{180FFC2D-DC3E-4674-BD82-28D314F682BA}.Debug|Any CPU.ActiveCfg = Debug|Any CPU
		{180FFC2D-DC3E-4674-BD82-28D314F682BA}.Debug|Any CPU.Build.0 = Debug|Any CPU
		{180FFC2D-DC3E-4674-BD82-28D314F682BA}.Release|Any CPU.ActiveCfg = Release|Any CPU
		{180FFC2D-DC3E-4674-BD82-28D314F682BA}.Release|Any CPU.Build.0 = Release|Any CPU
		{8A4E596C-2EBF-4AC0-B376-380683EAC61F}.Debug|Any CPU.ActiveCfg = Debug|Any CPU
		{8A4E596C-2EBF-4AC0-B376-380683EAC61F}.Debug|Any CPU.Build.0 = Debug|Any CPU
		{8A4E596C-2EBF-4AC0-B376-380683EAC61F}.Release|Any CPU.ActiveCfg = Release|Any CPU
		{8A4E596C-2EBF-4AC0-B376-380683EAC61F}.Release|Any CPU.Build.0 = Release|Any CPU
		{C97038C6-AB6B-4625-98FD-5F46AE58B3C2}.Debug|Any CPU.ActiveCfg = Debug|Any CPU
		{C97038C6-AB6B-4625-98FD-5F46AE58B3C2}.Debug|Any CPU.Build.0 = Debug|Any CPU
		{C97038C6-AB6B-4625-98FD-5F46AE58B3C2}.Release|Any CPU.ActiveCfg = Release|Any CPU
		{C97038C6-AB6B-4625-98FD-5F46AE58B3C2}.Release|Any CPU.Build.0 = Release|Any CPU
		{0BD5CDFC-9B55-47FC-8025-98E6FB036531}.Debug|Any CPU.ActiveCfg = Debug|Any CPU
		{0BD5CDFC-9B55-47FC-8025-98E6FB036531}.Debug|Any CPU.Build.0 = Debug|Any CPU
		{0BD5CDFC-9B55-47FC-8025-98E6FB036531}.Release|Any CPU.ActiveCfg = Release|Any CPU
		{0BD5CDFC-9B55-47FC-8025-98E6FB036531}.Release|Any CPU.Build.0 = Release|Any CPU
		{F8501444-BBA4-4110-9883-747532ED0E45}.Debug|Any CPU.ActiveCfg = Debug|Any CPU
		{F8501444-BBA4-4110-9883-747532ED0E45}.Debug|Any CPU.Build.0 = Debug|Any CPU
		{F8501444-BBA4-4110-9883-747532ED0E45}.Release|Any CPU.ActiveCfg = Release|Any CPU
		{F8501444-BBA4-4110-9883-747532ED0E45}.Release|Any CPU.Build.0 = Release|Any CPU
		{019D6782-392A-4A19-913F-10F796CFFDA2}.Debug|Any CPU.ActiveCfg = Debug|Any CPU
		{019D6782-392A-4A19-913F-10F796CFFDA2}.Debug|Any CPU.Build.0 = Debug|Any CPU
		{019D6782-392A-4A19-913F-10F796CFFDA2}.Release|Any CPU.ActiveCfg = Release|Any CPU
		{019D6782-392A-4A19-913F-10F796CFFDA2}.Release|Any CPU.Build.0 = Release|Any CPU
		{C500C94D-03E1-4566-BD92-E0DD048E42B9}.Debug|Any CPU.ActiveCfg = Debug|Any CPU
		{C500C94D-03E1-4566-BD92-E0DD048E42B9}.Debug|Any CPU.Build.0 = Debug|Any CPU
		{C500C94D-03E1-4566-BD92-E0DD048E42B9}.Release|Any CPU.ActiveCfg = Release|Any CPU
		{C500C94D-03E1-4566-BD92-E0DD048E42B9}.Release|Any CPU.Build.0 = Release|Any CPU
		{1CA4D56B-BA78-48F0-A6D0-DFD065362476}.Debug|Any CPU.ActiveCfg = Debug|Any CPU
		{1CA4D56B-BA78-48F0-A6D0-DFD065362476}.Debug|Any CPU.Build.0 = Debug|Any CPU
		{1CA4D56B-BA78-48F0-A6D0-DFD065362476}.Release|Any CPU.ActiveCfg = Release|Any CPU
		{1CA4D56B-BA78-48F0-A6D0-DFD065362476}.Release|Any CPU.Build.0 = Release|Any CPU
	EndGlobalSection
	GlobalSection(SolutionProperties) = preSolution
		HideSolutionNode = FALSE
	EndGlobalSection
	GlobalSection(ExtensibilityGlobals) = postSolution
		SolutionGuid = {B279DA51-1CFE-49DF-A760-C790CC3BBF7F}
	EndGlobalSection
EndGlobal
